
Microsoft Visual Studio Solution File, Format Version 12.00
# Visual Studio Version 17
VisualStudioVersion = 17.8.34330.188
MinimumVisualStudioVersion = 10.0.40219.1
Project("{9A19103F-16F7-4668-BE54-9A1E7A4F7556}") = "Talabat.Api", "Talabat.Api\Talabat.Api.csproj", "{F7578A4A-43D1-44DB-B09D-A94420DC6886}"
EndProject
Project("{FAE04EC0-301F-11D3-BF4B-00C04F79EFBC}") = "Talabat.Repository", "TalabatRepository\Talabat.Repository.csproj", "{4A452384-36BD-496F-9D3B-971BACF23A99}"
EndProject
Project("{FAE04EC0-301F-11D3-BF4B-00C04F79EFBC}") = "Talabat.Core", "TalabatCore\Talabat.Core.csproj", "{05D42434-D67D-4A3C-A079-C0DE38BE5C33}"
EndProject
Project("{FAE04EC0-301F-11D3-BF4B-00C04F79EFBC}") = "Talabat.Services", "Talabat.Services\Talabat.Services.csproj", "{81667255-B81F-4607-BA3D-86338B647E72}"
EndProject
Global
	GlobalSection(SolutionConfigurationPlatforms) = preSolution
		Debug|Any CPU = Debug|Any CPU
		Release|Any CPU = Release|Any CPU
	EndGlobalSection
	GlobalSection(ProjectConfigurationPlatforms) = postSolution
		{F7578A4A-43D1-44DB-B09D-A94420DC6886}.Debug|Any CPU.ActiveCfg = Debug|Any CPU
		{F7578A4A-43D1-44DB-B09D-A94420DC6886}.Debug|Any CPU.Build.0 = Debug|Any CPU
		{F7578A4A-43D1-44DB-B09D-A94420DC6886}.Release|Any CPU.ActiveCfg = Release|Any CPU
		{F7578A4A-43D1-44DB-B09D-A94420DC6886}.Release|Any CPU.Build.0 = Release|Any CPU
		{4A452384-36BD-496F-9D3B-971BACF23A99}.Debug|Any CPU.ActiveCfg = Debug|Any CPU
		{4A452384-36BD-496F-9D3B-971BACF23A99}.Debug|Any CPU.Build.0 = Debug|Any CPU
		{4A452384-36BD-496F-9D3B-971BACF23A99}.Release|Any CPU.ActiveCfg = Release|Any CPU
		{4A452384-36BD-496F-9D3B-971BACF23A99}.Release|Any CPU.Build.0 = Release|Any CPU
		{05D42434-D67D-4A3C-A079-C0DE38BE5C33}.Debug|Any CPU.ActiveCfg = Debug|Any CPU
		{05D42434-D67D-4A3C-A079-C0DE38BE5C33}.Debug|Any CPU.Build.0 = Debug|Any CPU
		{05D42434-D67D-4A3C-A079-C0DE38BE5C33}.Release|Any CPU.ActiveCfg = Release|Any CPU
		{05D42434-D67D-4A3C-A079-C0DE38BE5C33}.Release|Any CPU.Build.0 = Release|Any CPU
		{81667255-B81F-4607-BA3D-86338B647E72}.Debug|Any CPU.ActiveCfg = Debug|Any CPU
		{81667255-B81F-4607-BA3D-86338B647E72}.Debug|Any CPU.Build.0 = Debug|Any CPU
		{81667255-B81F-4607-BA3D-86338B647E72}.Release|Any CPU.ActiveCfg = Release|Any CPU
		{81667255-B81F-4607-BA3D-86338B647E72}.Release|Any CPU.Build.0 = Release|Any CPU
	EndGlobalSection
	GlobalSection(SolutionProperties) = preSolution
		HideSolutionNode = FALSE
	EndGlobalSection
	GlobalSection(ExtensibilityGlobals) = postSolution
		SolutionGuid = {1CCC9248-7927-4D5C-8D4D-69A1C085359F}
	EndGlobalSection
EndGlobal
